
Microsoft Visual Studio Solution File, Format Version 12.00
# Visual Studio 2013
VisualStudioVersion = 12.0.31101.0
MinimumVisualStudioVersion = 10.0.40219.1
Project("{FAE04EC0-301F-11D3-BF4B-00C04F79EFBC}") = "Tester", "Tester\Tester.csproj", "{300892DA-C53C-429F-A3B7-26A016F6D364}"
EndProject
Project("{FAE04EC0-301F-11D3-BF4B-00C04F79EFBC}") = "DevMvcComponent", "..\DevMVCComponent\DevMVCComponent\DevMvcComponent.csproj", "{9302C6E3-FBE2-4A99-9BE3-81E80724CEC6}"
EndProject
Project("{2150E333-8FDC-42A3-9474-1A3956D46DE8}") = ".nuget", ".nuget", "{3E938A86-F34B-4703-BAEB-2ACB9B5ABA20}"
	ProjectSection(SolutionItems) = preProject
		.nuget\NuGet.Config = .nuget\NuGet.Config
		.nuget\NuGet.exe = .nuget\NuGet.exe
		.nuget\NuGet.targets = .nuget\NuGet.targets
	EndProjectSection
EndProject
Global
	GlobalSection(SolutionConfigurationPlatforms) = preSolution
		Debug|Any CPU = Debug|Any CPU
		Release|Any CPU = Release|Any CPU
	EndGlobalSection
	GlobalSection(ProjectConfigurationPlatforms) = postSolution
		{300892DA-C53C-429F-A3B7-26A016F6D364}.Debug|Any CPU.ActiveCfg = Debug|Any CPU
		{300892DA-C53C-429F-A3B7-26A016F6D364}.Debug|Any CPU.Build.0 = Debug|Any CPU
		{300892DA-C53C-429F-A3B7-26A016F6D364}.Release|Any CPU.ActiveCfg = Release|Any CPU
		{300892DA-C53C-429F-A3B7-26A016F6D364}.Release|Any CPU.Build.0 = Release|Any CPU
		{9302C6E3-FBE2-4A99-9BE3-81E80724CEC6}.Debug|Any CPU.ActiveCfg = Debug|Any CPU
		{9302C6E3-FBE2-4A99-9BE3-81E80724CEC6}.Debug|Any CPU.Build.0 = Debug|Any CPU
		{9302C6E3-FBE2-4A99-9BE3-81E80724CEC6}.Release|Any CPU.ActiveCfg = Release|Any CPU
		{9302C6E3-FBE2-4A99-9BE3-81E80724CEC6}.Release|Any CPU.Build.0 = Release|Any CPU
	EndGlobalSection
	GlobalSection(SolutionProperties) = preSolution
		HideSolutionNode = FALSE
	EndGlobalSection
EndGlobal
