
Microsoft Visual Studio Solution File, Format Version 12.00
# Visual Studio 15
VisualStudioVersion = 15.0.28307.779
MinimumVisualStudioVersion = 10.0.40219.1
Project("{FAE04EC0-301F-11D3-BF4B-00C04F79EFBC}") = "DevMvcComponent", "DevMVCComponent\DevMvcComponent.csproj", "{9302C6E3-FBE2-4A99-9BE3-81E80724CEC6}"
EndProject
Global
	GlobalSection(SolutionConfigurationPlatforms) = preSolution
		Debug|Any CPU = Debug|Any CPU
		Release|Any CPU = Release|Any CPU
	EndGlobalSection
	GlobalSection(ProjectConfigurationPlatforms) = postSolution
		{9302C6E3-FBE2-4A99-9BE3-81E80724CEC6}.Debug|Any CPU.ActiveCfg = Debug|Any CPU
		{9302C6E3-FBE2-4A99-9BE3-81E80724CEC6}.Debug|Any CPU.Build.0 = Debug|Any CPU
		{9302C6E3-FBE2-4A99-9BE3-81E80724CEC6}.Release|Any CPU.ActiveCfg = Release|Any CPU
		{9302C6E3-FBE2-4A99-9BE3-81E80724CEC6}.Release|Any CPU.Build.0 = Release|Any CPU
	EndGlobalSection
	GlobalSection(SolutionProperties) = preSolution
		HideSolutionNode = FALSE
	EndGlobalSection
	GlobalSection(ExtensibilityGlobals) = postSolution
		SolutionGuid = {5B4D27E0-2A0E-4F78-8A88-40AED55DDE81}
	EndGlobalSection
EndGlobal
